
Microsoft Visual Studio Solution File, Format Version 12.00
# Visual Studio Version 17
VisualStudioVersion = 17.0.31903.59
MinimumVisualStudioVersion = 10.0.40219.1
Project("{FAE04EC0-301F-11D3-BF4B-00C04F79EFBC}") = "Example.Console", "Example.Console\Example.Console.csproj", "{237A2330-0E31-45AB-9D73-1CE4C061A665}"
EndProject
Project("{FAE04EC0-301F-11D3-BF4B-00C04F79EFBC}") = "Example.Console.Tests", "Example.Console.Tests\Example.Console.Tests.csproj", "{9A66F085-60DF-42A7-A589-47765E609706}"
EndProject
Global
	GlobalSection(SolutionConfigurationPlatforms) = preSolution
		Debug|Any CPU = Debug|Any CPU
		Release|Any CPU = Release|Any CPU
	EndGlobalSection
	GlobalSection(SolutionProperties) = preSolution
		HideSolutionNode = FALSE
	EndGlobalSection
	GlobalSection(ProjectConfigurationPlatforms) = postSolution
		{237A2330-0E31-45AB-9D73-1CE4C061A665}.Debug|Any CPU.ActiveCfg = Debug|Any CPU
		{237A2330-0E31-45AB-9D73-1CE4C061A665}.Debug|Any CPU.Build.0 = Debug|Any CPU
		{237A2330-0E31-45AB-9D73-1CE4C061A665}.Release|Any CPU.ActiveCfg = Release|Any CPU
		{237A2330-0E31-45AB-9D73-1CE4C061A665}.Release|Any CPU.Build.0 = Release|Any CPU
		{9A66F085-60DF-42A7-A589-47765E609706}.Debug|Any CPU.ActiveCfg = Debug|Any CPU
		{9A66F085-60DF-42A7-A589-47765E609706}.Debug|Any CPU.Build.0 = Debug|Any CPU
		{9A66F085-60DF-42A7-A589-47765E609706}.Release|Any CPU.ActiveCfg = Release|Any CPU
		{9A66F085-60DF-42A7-A589-47765E609706}.Release|Any CPU.Build.0 = Release|Any CPU
	EndGlobalSection
EndGlobal
